{
    "version": 3,
    "terraform_version": "0.9.8",
    "serial": 0,
    "lineage": "d1ce27f1-f4b1-47d5-9416-19058f68daa0",
    "modules": [
        {
            "path": [
                "root"
            ],
            "outputs": {},
            "resources": {
                "null_resource.ansible-provision": {
                    "type": "null_resource",
                    "depends_on": [
                        "openstack_compute_instance_v2.k8s-master",
                        "openstack_compute_instance_v2.k8s-node",
                        "openstack_compute_instance_v2.k8s-node.*"
                    ],
                    "primary": {
                        "id": "2419604263645579864",
                        "attributes": {
                            "id": "2419604263645579864"
                        },
                        "meta": {},
                        "tainted": false
                    },
                    "deposed": [],
                    "provider": ""
                },
                "openstack_compute_instance_v2.k8s-master": {
                    "type": "openstack_compute_instance_v2",
                    "depends_on": [],
                    "primary": {
                        "id": "e636c042-9a43-45f7-84a4-871b17d88eb6",
                        "attributes": {
                            "access_ip_v4": "192.168.48.37",
                            "access_ip_v6": "",
                            "all_metadata.%": "0",
                            "availability_zone": "nova",
                            "flavor_id": "c477f012-7f94-4c0f-b62e-f48c64d0557e",
                            "flavor_name": "m1.x4medium",
                            "force_delete": "false",
                            "id": "e636c042-9a43-45f7-84a4-871b17d88eb6",
                            "image_id": "8d74cd9f-fbae-41f1-bc4a-e25b1950718a",
                            "image_name": "K8S-COREOS-Optimized",
                            "key_pair": "kube",
                            "name": "k8s-master",
                            "network.#": "1",
                            "network.0.access_network": "false",
                            "network.0.fixed_ip_v4": "192.168.48.37",
                            "network.0.fixed_ip_v6": "",
                            "network.0.floating_ip": "",
                            "network.0.mac": "fa:16:3e:96:16:82",
                            "network.0.name": "qa_private_network",
                            "network.0.port": "",
                            "network.0.uuid": "ff3ff5ff-42a0-427d-a127-5e4d9bd02c96",
                            "region": "RegionOne",
                            "security_groups.#": "1",
                            "security_groups.3814588639": "default",
                            "stop_before_destroy": "false",
                            "volume.#": "0"
                        },
                        "meta": {
                            "e2bfb730-ecaa-11e6-8f88-34363bc7c4c0": {
                                "create": 1800000000000,
                                "delete": 1800000000000,
                                "update": 1800000000000
                            }
                        },
                        "tainted": false
                    },
                    "deposed": [],
                    "provider": ""
                },
                "openstack_compute_instance_v2.k8s-node": {
                    "type": "openstack_compute_instance_v2",
                    "depends_on": [],
                    "primary": {
                        "id": "1f95d1ed-ce7c-40b4-b4f0-1909084fb615",
                        "attributes": {
                            "access_ip_v4": "192.168.48.38",
                            "access_ip_v6": "",
                            "all_metadata.%": "0",
                            "availability_zone": "nova",
                            "flavor_id": "c477f012-7f94-4c0f-b62e-f48c64d0557e",
                            "flavor_name": "m1.x4medium",
                            "force_delete": "false",
                            "id": "1f95d1ed-ce7c-40b4-b4f0-1909084fb615",
                            "image_id": "8d74cd9f-fbae-41f1-bc4a-e25b1950718a",
                            "image_name": "K8S-COREOS-Optimized",
                            "key_pair": "kube",
                            "name": "k8s-node-0",
                            "network.#": "1",
                            "network.0.access_network": "false",
                            "network.0.fixed_ip_v4": "192.168.48.38",
                            "network.0.fixed_ip_v6": "",
                            "network.0.floating_ip": "",
                            "network.0.mac": "fa:16:3e:78:22:3b",
                            "network.0.name": "qa_private_network",
                            "network.0.port": "",
                            "network.0.uuid": "ff3ff5ff-42a0-427d-a127-5e4d9bd02c96",
                            "region": "RegionOne",
                            "security_groups.#": "1",
                            "security_groups.3814588639": "default",
                            "stop_before_destroy": "false",
                            "volume.#": "0"
                        },
                        "meta": {
                            "e2bfb730-ecaa-11e6-8f88-34363bc7c4c0": {
                                "create": 1800000000000,
                                "delete": 1800000000000,
                                "update": 1800000000000
                            }
                        },
                        "tainted": false
                    },
                    "deposed": [],
                    "provider": ""
                }
            },
            "depends_on": []
        }
    ]
}
